
Microsoft Visual Studio Solution File, Format Version 12.00
# Visual Studio 15
VisualStudioVersion = 15.0.26124.0
MinimumVisualStudioVersion = 15.0.26124.0
Project("{FAE04EC0-301F-11D3-BF4B-00C04F79EFBC}") = "CrossFunctionOverrideFacadeExample", "src\CrossFunctionOverrideFacadeExample.csproj", "{77B14421-3B60-4E86-8EFA-BFA6EABC6683}"
EndProject
Project("{FAE04EC0-301F-11D3-BF4B-00C04F79EFBC}") = "CrossFunctionOverrideFacadeExample.Dependencies", "dependencies\CrossFunctionOverrideFacadeExample.Dependencies.csproj", "{51C7DBFC-1592-49D9-956F-370BD308F082}"
EndProject
Project("{FAE04EC0-301F-11D3-BF4B-00C04F79EFBC}") = "CrossFunctionOverrideFacadeExample.Tests", "test\CrossFunctionOverrideFacadeExample.Tests.csproj", "{EE54128E-7D56-47F3-B269-34FAD07619E0}"
EndProject
Global
	GlobalSection(SolutionConfigurationPlatforms) = preSolution
		Debug|Any CPU = Debug|Any CPU
		Debug|x64 = Debug|x64
		Debug|x86 = Debug|x86
		Release|Any CPU = Release|Any CPU
		Release|x64 = Release|x64
		Release|x86 = Release|x86
	EndGlobalSection
	GlobalSection(SolutionProperties) = preSolution
		HideSolutionNode = FALSE
	EndGlobalSection
	GlobalSection(ProjectConfigurationPlatforms) = postSolution
		{77B14421-3B60-4E86-8EFA-BFA6EABC6683}.Debug|Any CPU.ActiveCfg = Debug|Any CPU
		{77B14421-3B60-4E86-8EFA-BFA6EABC6683}.Debug|Any CPU.Build.0 = Debug|Any CPU
		{77B14421-3B60-4E86-8EFA-BFA6EABC6683}.Debug|x64.ActiveCfg = Debug|Any CPU
		{77B14421-3B60-4E86-8EFA-BFA6EABC6683}.Debug|x64.Build.0 = Debug|Any CPU
		{77B14421-3B60-4E86-8EFA-BFA6EABC6683}.Debug|x86.ActiveCfg = Debug|Any CPU
		{77B14421-3B60-4E86-8EFA-BFA6EABC6683}.Debug|x86.Build.0 = Debug|Any CPU
		{77B14421-3B60-4E86-8EFA-BFA6EABC6683}.Release|Any CPU.ActiveCfg = Release|Any CPU
		{77B14421-3B60-4E86-8EFA-BFA6EABC6683}.Release|Any CPU.Build.0 = Release|Any CPU
		{77B14421-3B60-4E86-8EFA-BFA6EABC6683}.Release|x64.ActiveCfg = Release|Any CPU
		{77B14421-3B60-4E86-8EFA-BFA6EABC6683}.Release|x64.Build.0 = Release|Any CPU
		{77B14421-3B60-4E86-8EFA-BFA6EABC6683}.Release|x86.ActiveCfg = Release|Any CPU
		{77B14421-3B60-4E86-8EFA-BFA6EABC6683}.Release|x86.Build.0 = Release|Any CPU
		{51C7DBFC-1592-49D9-956F-370BD308F082}.Debug|Any CPU.ActiveCfg = Debug|Any CPU
		{51C7DBFC-1592-49D9-956F-370BD308F082}.Debug|Any CPU.Build.0 = Debug|Any CPU
		{51C7DBFC-1592-49D9-956F-370BD308F082}.Debug|x64.ActiveCfg = Debug|Any CPU
		{51C7DBFC-1592-49D9-956F-370BD308F082}.Debug|x64.Build.0 = Debug|Any CPU
		{51C7DBFC-1592-49D9-956F-370BD308F082}.Debug|x86.ActiveCfg = Debug|Any CPU
		{51C7DBFC-1592-49D9-956F-370BD308F082}.Debug|x86.Build.0 = Debug|Any CPU
		{51C7DBFC-1592-49D9-956F-370BD308F082}.Release|Any CPU.ActiveCfg = Release|Any CPU
		{51C7DBFC-1592-49D9-956F-370BD308F082}.Release|Any CPU.Build.0 = Release|Any CPU
		{51C7DBFC-1592-49D9-956F-370BD308F082}.Release|x64.ActiveCfg = Release|Any CPU
		{51C7DBFC-1592-49D9-956F-370BD308F082}.Release|x64.Build.0 = Release|Any CPU
		{51C7DBFC-1592-49D9-956F-370BD308F082}.Release|x86.ActiveCfg = Release|Any CPU
		{51C7DBFC-1592-49D9-956F-370BD308F082}.Release|x86.Build.0 = Release|Any CPU
		{EE54128E-7D56-47F3-B269-34FAD07619E0}.Debug|Any CPU.ActiveCfg = Debug|Any CPU
		{EE54128E-7D56-47F3-B269-34FAD07619E0}.Debug|Any CPU.Build.0 = Debug|Any CPU
		{EE54128E-7D56-47F3-B269-34FAD07619E0}.Debug|x64.ActiveCfg = Debug|Any CPU
		{EE54128E-7D56-47F3-B269-34FAD07619E0}.Debug|x64.Build.0 = Debug|Any CPU
		{EE54128E-7D56-47F3-B269-34FAD07619E0}.Debug|x86.ActiveCfg = Debug|Any CPU
		{EE54128E-7D56-47F3-B269-34FAD07619E0}.Debug|x86.Build.0 = Debug|Any CPU
		{EE54128E-7D56-47F3-B269-34FAD07619E0}.Release|Any CPU.ActiveCfg = Release|Any CPU
		{EE54128E-7D56-47F3-B269-34FAD07619E0}.Release|Any CPU.Build.0 = Release|Any CPU
		{EE54128E-7D56-47F3-B269-34FAD07619E0}.Release|x64.ActiveCfg = Release|Any CPU
		{EE54128E-7D56-47F3-B269-34FAD07619E0}.Release|x64.Build.0 = Release|Any CPU
		{EE54128E-7D56-47F3-B269-34FAD07619E0}.Release|x86.ActiveCfg = Release|Any CPU
		{EE54128E-7D56-47F3-B269-34FAD07619E0}.Release|x86.Build.0 = Release|Any CPU
	EndGlobalSection
EndGlobal
